
Microsoft Visual Studio Solution File, Format Version 12.00
# Visual Studio 15
VisualStudioVersion = 15.0.28307.1259
MinimumVisualStudioVersion = 10.0.40219.1
Project("{FAE04EC0-301F-11D3-BF4B-00C04F79EFBC}") = "EBSREGEX", "EBSREGEX\EBSREGEX.csproj", "{99B24B48-04FA-427F-925D-AE7124848429}"
EndProject
Global
	GlobalSection(SolutionConfigurationPlatforms) = preSolution
		Debug|Any CPU = Debug|Any CPU
		Release|Any CPU = Release|Any CPU
	EndGlobalSection
	GlobalSection(ProjectConfigurationPlatforms) = postSolution
		{99B24B48-04FA-427F-925D-AE7124848429}.Debug|Any CPU.ActiveCfg = Debug|Any CPU
		{99B24B48-04FA-427F-925D-AE7124848429}.Debug|Any CPU.Build.0 = Debug|Any CPU
		{99B24B48-04FA-427F-925D-AE7124848429}.Release|Any CPU.ActiveCfg = Release|Any CPU
		{99B24B48-04FA-427F-925D-AE7124848429}.Release|Any CPU.Build.0 = Release|Any CPU
	EndGlobalSection
	GlobalSection(SolutionProperties) = preSolution
		HideSolutionNode = FALSE
	EndGlobalSection
	GlobalSection(ExtensibilityGlobals) = postSolution
		SolutionGuid = {66D4F63A-6B6A-41F3-9EF8-065E7A1C72DD}
	EndGlobalSection
EndGlobal
